// !$*UTF8*$!
{
	archiveVersion = 1;
	classes = {
	};
	objectVersion = 77;
	objects = {

/* Begin PBXBuildFile section */
		46B00A1C7C03248646EDB316 /* CatLateTests.swift in Sources */ = {isa = PBXBuildFile; fileRef = DC6C993EBB3903F36B777070 /* CatLateTests.swift */; };
		4FF571CB6E55631E00EBF14B /* AppViewModel.swift in Sources */ = {isa = PBXBuildFile; fileRef = D21E07E5BDF2E39E327C9AD2 /* AppViewModel.swift */; };
		6D2B3433ED25B5D7EA9D5EDE /* SpeechPlaybackService.swift in Sources */ = {isa = PBXBuildFile; fileRef = 24BD1659A5AC040810644A24 /* SpeechPlaybackService.swift */; };
		7305666A01894D4B2DC95BE9 /* ContentView.swift in Sources */ = {isa = PBXBuildFile; fileRef = C49DCC7E897DE11F66DCCDE0 /* ContentView.swift */; };
		B6BCFF03F57B6FB284B1E591 /* SpeechRecognizerService.swift in Sources */ = {isa = PBXBuildFile; fileRef = 15457149DB03422327CB6272 /* SpeechRecognizerService.swift */; };
		BAA4B1486D07C1BAF79BD616 /* AppLanguage.swift in Sources */ = {isa = PBXBuildFile; fileRef = FF4CC35A485609970F0FE36A /* AppLanguage.swift */; };
		F3A23012EA4D46A49D04A94A /* CatLateApp.swift in Sources */ = {isa = PBXBuildFile; fileRef = 65329164CB0AFE828270CCF3 /* CatLateApp.swift */; };
/* End PBXBuildFile section */

/* Begin PBXContainerItemProxy section */
		301139DD72A6F8C178A8D595 /* PBXContainerItemProxy */ = {
			isa = PBXContainerItemProxy;
			containerPortal = 9FE4E03C9E8D70D5DAB54CE0 /* Project object */;
			proxyType = 1;
			remoteGlobalIDString = 8014984830A8B86F99615135;
			remoteInfo = CatLate;
		};
/* End PBXContainerItemProxy section */

/* Begin PBXFileReference section */
		15457149DB03422327CB6272 /* SpeechRecognizerService.swift */ = {isa = PBXFileReference; lastKnownFileType = sourcecode.swift; path = SpeechRecognizerService.swift; sourceTree = "<group>"; };
		24BD1659A5AC040810644A24 /* SpeechPlaybackService.swift */ = {isa = PBXFileReference; lastKnownFileType = sourcecode.swift; path = SpeechPlaybackService.swift; sourceTree = "<group>"; };
		65329164CB0AFE828270CCF3 /* CatLateApp.swift */ = {isa = PBXFileReference; lastKnownFileType = sourcecode.swift; path = CatLateApp.swift; sourceTree = "<group>"; };
		AD2C440839460F63CF124C74 /* CatLateTests.xctest */ = {isa = PBXFileReference; includeInIndex = 0; lastKnownFileType = wrapper.cfbundle; path = CatLateTests.xctest; sourceTree = BUILT_PRODUCTS_DIR; };
		C49DCC7E897DE11F66DCCDE0 /* ContentView.swift */ = {isa = PBXFileReference; lastKnownFileType = sourcecode.swift; path = ContentView.swift; sourceTree = "<group>"; };
		D21E07E5BDF2E39E327C9AD2 /* AppViewModel.swift */ = {isa = PBXFileReference; lastKnownFileType = sourcecode.swift; path = AppViewModel.swift; sourceTree = "<group>"; };
		DC6C993EBB3903F36B777070 /* CatLateTests.swift */ = {isa = PBXFileReference; lastKnownFileType = sourcecode.swift; path = CatLateTests.swift; sourceTree = "<group>"; };
		E44A0DC518C5B8708866F58A /* CatLate.app */ = {isa = PBXFileReference; includeInIndex = 0; lastKnownFileType = wrapper.application; path = CatLate.app; sourceTree = BUILT_PRODUCTS_DIR; };
		FF4CC35A485609970F0FE36A /* AppLanguage.swift */ = {isa = PBXFileReference; lastKnownFileType = sourcecode.swift; path = AppLanguage.swift; sourceTree = "<group>"; };
/* End PBXFileReference section */

/* Begin PBXGroup section */
		1FFB9AE7DEA6F587B615A590 = {
			isa = PBXGroup;
			children = (
				B079B19EF3D9267B10EA7362 /* CatLate */,
				35A1F71735DE9EB2CE26D7B7 /* CatLateTests */,
				C148256E5B3B61A4DB8BC9AC /* Products */,
			);
			sourceTree = "<group>";
		};
		35A1F71735DE9EB2CE26D7B7 /* CatLateTests */ = {
			isa = PBXGroup;
			children = (
				DC6C993EBB3903F36B777070 /* CatLateTests.swift */,
			);
			path = CatLateTests;
			sourceTree = "<group>";
		};
		B079B19EF3D9267B10EA7362 /* CatLate */ = {
			isa = PBXGroup;
			children = (
				FF4CC35A485609970F0FE36A /* AppLanguage.swift */,
				D21E07E5BDF2E39E327C9AD2 /* AppViewModel.swift */,
				65329164CB0AFE828270CCF3 /* CatLateApp.swift */,
				C49DCC7E897DE11F66DCCDE0 /* ContentView.swift */,
				24BD1659A5AC040810644A24 /* SpeechPlaybackService.swift */,
				15457149DB03422327CB6272 /* SpeechRecognizerService.swift */,
			);
			path = CatLate;
			sourceTree = "<group>";
		};
		C148256E5B3B61A4DB8BC9AC /* Products */ = {
			isa = PBXGroup;
			children = (
				E44A0DC518C5B8708866F58A /* CatLate.app */,
				AD2C440839460F63CF124C74 /* CatLateTests.xctest */,
			);
			name = Products;
			sourceTree = "<group>";
		};
/* End PBXGroup section */

/* Begin PBXNativeTarget section */
		8014984830A8B86F99615135 /* CatLate */ = {
			isa = PBXNativeTarget;
			buildConfigurationList = 0595545955E11C5A0E88200E /* Build configuration list for PBXNativeTarget "CatLate" */;
			buildPhases = (
				7D7247F4C733A22BDBE64366 /* Sources */,
			);
			buildRules = (
			);
			dependencies = (
			);
			name = CatLate;
			packageProductDependencies = (
			);
			productName = CatLate;
			productReference = E44A0DC518C5B8708866F58A /* CatLate.app */;
			productType = "com.apple.product-type.application";
		};
		97ACE36C7BEA76BA4A55633B /* CatLateTests */ = {
			isa = PBXNativeTarget;
			buildConfigurationList = C821C99F6CB451329FE8806E /* Build configuration list for PBXNativeTarget "CatLateTests" */;
			buildPhases = (
				E2B67EE4F5E30BEC6252BCC9 /* Sources */,
			);
			buildRules = (
			);
			dependencies = (
				4AC1ECF7B7394BC093C1A27A /* PBXTargetDependency */,
			);
			name = CatLateTests;
			packageProductDependencies = (
			);
			productName = CatLateTests;
			productReference = AD2C440839460F63CF124C74 /* CatLateTests.xctest */;
			productType = "com.apple.product-type.bundle.unit-test";
		};
/* End PBXNativeTarget section */

/* Begin PBXProject section */
		9FE4E03C9E8D70D5DAB54CE0 /* Project object */ = {
			isa = PBXProject;
			attributes = {
				BuildIndependentTargetsInParallel = YES;
				LastUpgradeCheck = 1430;
				TargetAttributes = {
					8014984830A8B86F99615135 = {
						ProvisioningStyle = Automatic;
					};
					97ACE36C7BEA76BA4A55633B = {
						ProvisioningStyle = Automatic;
					};
				};
			};
			buildConfigurationList = 9AEE1D9F2D74003BDD9B495C /* Build configuration list for PBXProject "CatLate" */;
			developmentRegion = en;
			hasScannedForEncodings = 0;
			knownRegions = (
				Base,
				en,
			);
			mainGroup = 1FFB9AE7DEA6F587B615A590;
			minimizedProjectReferenceProxies = 1;
			preferredProjectObjectVersion = 77;
			productRefGroup = C148256E5B3B61A4DB8BC9AC /* Products */;
			projectDirPath = "";
			projectRoot = "";
			targets = (
				8014984830A8B86F99615135 /* CatLate */,
				97ACE36C7BEA76BA4A55633B /* CatLateTests */,
			);
		};
/* End PBXProject section */

/* Begin PBXSourcesBuildPhase section */
		7D7247F4C733A22BDBE64366 /* Sources */ = {
			isa = PBXSourcesBuildPhase;
			buildActionMask = 2147483647;
			files = (
				BAA4B1486D07C1BAF79BD616 /* AppLanguage.swift in Sources */,
				4FF571CB6E55631E00EBF14B /* AppViewModel.swift in Sources */,
				F3A23012EA4D46A49D04A94A /* CatLateApp.swift in Sources */,
				7305666A01894D4B2DC95BE9 /* ContentView.swift in Sources */,
				6D2B3433ED25B5D7EA9D5EDE /* SpeechPlaybackService.swift in Sources */,
				B6BCFF03F57B6FB284B1E591 /* SpeechRecognizerService.swift in Sources */,
			);
			runOnlyForDeploymentPostprocessing = 0;
		};
		E2B67EE4F5E30BEC6252BCC9 /* Sources */ = {
			isa = PBXSourcesBuildPhase;
			buildActionMask = 2147483647;
			files = (
				46B00A1C7C03248646EDB316 /* CatLateTests.swift in Sources */,
			);
			runOnlyForDeploymentPostprocessing = 0;
		};
/* End PBXSourcesBuildPhase section */

/* Begin PBXTargetDependency section */
		4AC1ECF7B7394BC093C1A27A /* PBXTargetDependency */ = {
			isa = PBXTargetDependency;
			target = 8014984830A8B86F99615135 /* CatLate */;
			targetProxy = 301139DD72A6F8C178A8D595 /* PBXContainerItemProxy */;
		};
/* End PBXTargetDependency section */

/* Begin XCBuildConfiguration section */
		0484CC195A14F972C443E53E /* Release */ = {
			isa = XCBuildConfiguration;
			buildSettings = {
				ALWAYS_SEARCH_USER_PATHS = NO;
				ASSETCATALOG_COMPILER_GENERATE_SWIFT_ASSET_SYMBOL_EXTENSIONS = NO;
				CLANG_ANALYZER_NONNULL = YES;
				CLANG_ANALYZER_NUMBER_OBJECT_CONVERSION = YES_AGGRESSIVE;
				CLANG_CXX_LANGUAGE_STANDARD = "gnu++14";
				CLANG_CXX_LIBRARY = "libc++";
				CLANG_ENABLE_MODULES = YES;
				CLANG_ENABLE_OBJC_ARC = YES;
				CLANG_ENABLE_OBJC_WEAK = YES;
				CLANG_WARN_BLOCK_CAPTURE_AUTORELEASING = YES;
				CLANG_WARN_BOOL_CONVERSION = YES;
				CLANG_WARN_COMMA = YES;
				CLANG_WARN_CONSTANT_CONVERSION = YES;
				CLANG_WARN_DEPRECATED_OBJC_IMPLEMENTATIONS = YES;
				CLANG_WARN_DIRECT_OBJC_ISA_USAGE = YES_ERROR;
				CLANG_WARN_DOCUMENTATION_COMMENTS = YES;
				CLANG_WARN_EMPTY_BODY = YES;
				CLANG_WARN_ENUM_CONVERSION = YES;
				CLANG_WARN_INFINITE_RECURSION = YES;
				CLANG_WARN_INT_CONVERSION = YES;
				CLANG_WARN_NON_LITERAL_NULL_CONVERSION = YES;
				CLANG_WARN_OBJC_IMPLICIT_RETAIN_SELF = YES;
				CLANG_WARN_OBJC_LITERAL_CONVERSION = YES;
				CLANG_WARN_OBJC_ROOT_CLASS = YES_ERROR;
				CLANG_WARN_QUOTED_INCLUDE_IN_FRAMEWORK_HEADER = YES;
				CLANG_WARN_RANGE_LOOP_ANALYSIS = YES;
				CLANG_WARN_STRICT_PROTOTYPES = YES;
				CLANG_WARN_SUSPICIOUS_MOVE = YES;
				CLANG_WARN_UNGUARDED_AVAILABILITY = YES_AGGRESSIVE;
				CLANG_WARN_UNREACHABLE_CODE = YES;
				CLANG_WARN__DUPLICATE_METHOD_MATCH = YES;
				COPY_PHASE_STRIP = NO;
				CURRENT_PROJECT_VERSION = 1;
				DEBUG_INFORMATION_FORMAT = "dwarf-with-dsym";
				ENABLE_NS_ASSERTIONS = NO;
				ENABLE_STRICT_OBJC_MSGSEND = YES;
				GCC_C_LANGUAGE_STANDARD = gnu11;
				GCC_NO_COMMON_BLOCKS = YES;
				GCC_WARN_64_TO_32_BIT_CONVERSION = YES;
				GCC_WARN_ABOUT_RETURN_TYPE = YES_ERROR;
				GCC_WARN_UNDECLARED_SELECTOR = YES;
				GCC_WARN_UNINITIALIZED_AUTOS = YES_AGGRESSIVE;
				GCC_WARN_UNUSED_FUNCTION = YES;
				GCC_WARN_UNUSED_VARIABLE = YES;
				IPHONEOS_DEPLOYMENT_TARGET = 18.0;
				MARKETING_VERSION = 0.0.1;
				MTL_ENABLE_DEBUG_INFO = NO;
				MTL_FAST_MATH = YES;
				PRODUCT_BUNDLE_IDENTIFIER = com.catlyte;
				PRODUCT_NAME = "$(TARGET_NAME)";
				SDKROOT = iphoneos;
				SUPPORTS_MAC_DESIGNED_FOR_IPHONE_IPAD = NO;
				SWIFT_COMPILATION_MODE = wholemodule;
				SWIFT_OPTIMIZATION_LEVEL = "-O";
				SWIFT_VERSION = 5.0;
				TARGETED_DEVICE_FAMILY = "1,2";
			};
			name = Release;
		};
		26347A6F488658673BAD8399 /* Debug */ = {
			isa = XCBuildConfiguration;
			buildSettings = {
				ALWAYS_SEARCH_USER_PATHS = NO;
				ASSETCATALOG_COMPILER_GENERATE_SWIFT_ASSET_SYMBOL_EXTENSIONS = NO;
				CLANG_ANALYZER_NONNULL = YES;
				CLANG_ANALYZER_NUMBER_OBJECT_CONVERSION = YES_AGGRESSIVE;
				CLANG_CXX_LANGUAGE_STANDARD = "gnu++14";
				CLANG_CXX_LIBRARY = "libc++";
				CLANG_ENABLE_MODULES = YES;
				CLANG_ENABLE_OBJC_ARC = YES;
				CLANG_ENABLE_OBJC_WEAK = YES;
				CLANG_WARN_BLOCK_CAPTURE_AUTORELEASING = YES;
				CLANG_WARN_BOOL_CONVERSION = YES;
				CLANG_WARN_COMMA = YES;
				CLANG_WARN_CONSTANT_CONVERSION = YES;
				CLANG_WARN_DEPRECATED_OBJC_IMPLEMENTATIONS = YES;
				CLANG_WARN_DIRECT_OBJC_ISA_USAGE = YES_ERROR;
				CLANG_WARN_DOCUMENTATION_COMMENTS = YES;
				CLANG_WARN_EMPTY_BODY = YES;
				CLANG_WARN_ENUM_CONVERSION = YES;
				CLANG_WARN_INFINITE_RECURSION = YES;
				CLANG_WARN_INT_CONVERSION = YES;
				CLANG_WARN_NON_LITERAL_NULL_CONVERSION = YES;
				CLANG_WARN_OBJC_IMPLICIT_RETAIN_SELF = YES;
				CLANG_WARN_OBJC_LITERAL_CONVERSION = YES;
				CLANG_WARN_OBJC_ROOT_CLASS = YES_ERROR;
				CLANG_WARN_QUOTED_INCLUDE_IN_FRAMEWORK_HEADER = YES;
				CLANG_WARN_RANGE_LOOP_ANALYSIS = YES;
				CLANG_WARN_STRICT_PROTOTYPES = YES;
				CLANG_WARN_SUSPICIOUS_MOVE = YES;
				CLANG_WARN_UNGUARDED_AVAILABILITY = YES_AGGRESSIVE;
				CLANG_WARN_UNREACHABLE_CODE = YES;
				CLANG_WARN__DUPLICATE_METHOD_MATCH = YES;
				COPY_PHASE_STRIP = NO;
				CURRENT_PROJECT_VERSION = 1;
				DEBUG_INFORMATION_FORMAT = dwarf;
				ENABLE_STRICT_OBJC_MSGSEND = YES;
				ENABLE_TESTABILITY = YES;
				GCC_C_LANGUAGE_STANDARD = gnu11;
				GCC_DYNAMIC_NO_PIC = NO;
				GCC_NO_COMMON_BLOCKS = YES;
				GCC_OPTIMIZATION_LEVEL = 0;
				GCC_PREPROCESSOR_DEFINITIONS = (
					"$(inherited)",
					"DEBUG=1",
				);
				GCC_WARN_64_TO_32_BIT_CONVERSION = YES;
				GCC_WARN_ABOUT_RETURN_TYPE = YES_ERROR;
				GCC_WARN_UNDECLARED_SELECTOR = YES;
				GCC_WARN_UNINITIALIZED_AUTOS = YES_AGGRESSIVE;
				GCC_WARN_UNUSED_FUNCTION = YES;
				GCC_WARN_UNUSED_VARIABLE = YES;
				IPHONEOS_DEPLOYMENT_TARGET = 18.0;
				MARKETING_VERSION = 0.0.1;
				MTL_ENABLE_DEBUG_INFO = INCLUDE_SOURCE;
				MTL_FAST_MATH = YES;
				ONLY_ACTIVE_ARCH = YES;
				PRODUCT_BUNDLE_IDENTIFIER = com.catlyte;
				PRODUCT_NAME = "$(TARGET_NAME)";
				SDKROOT = iphoneos;
				SUPPORTS_MAC_DESIGNED_FOR_IPHONE_IPAD = NO;
				SWIFT_ACTIVE_COMPILATION_CONDITIONS = DEBUG;
				SWIFT_OPTIMIZATION_LEVEL = "-Onone";
				SWIFT_VERSION = 5.0;
				TARGETED_DEVICE_FAMILY = "1,2";
			};
			name = Debug;
		};
		44948EF2CD8705ED55D522F4 /* Debug */ = {
			isa = XCBuildConfiguration;
			buildSettings = {
				ASSETCATALOG_COMPILER_APPICON_NAME = AppIcon;
				CODE_SIGN_IDENTITY = "";
				CODE_SIGN_STYLE = Automatic;
				INFOPLIST_FILE = CatLate/Info.plist;
				IPHONEOS_DEPLOYMENT_TARGET = 18.0;
				LD_RUNPATH_SEARCH_PATHS = (
					"$(inherited)",
					"@executable_path/Frameworks",
				);
				PRODUCT_NAME = CatLate;
				SDKROOT = iphoneos;
				TARGETED_DEVICE_FAMILY = "1,2";
			};
			name = Debug;
		};
		56AF63E2F2B13D6419660C64 /* Release */ = {
			isa = XCBuildConfiguration;
			buildSettings = {
				BUNDLE_LOADER = "$(TEST_HOST)";
				CODE_SIGN_STYLE = Automatic;
				GENERATE_INFOPLIST_FILE = YES;
				IPHONEOS_DEPLOYMENT_TARGET = 18.0;
				LD_RUNPATH_SEARCH_PATHS = (
					"$(inherited)",
					"@executable_path/Frameworks",
					"@loader_path/Frameworks",
				);
				PRODUCT_BUNDLE_IDENTIFIER = com.catlyte.tests;
				SDKROOT = iphoneos;
				TARGETED_DEVICE_FAMILY = "1,2";
				TEST_HOST = "$(BUILT_PRODUCTS_DIR)/CatLate.app/CatLate";
			};
			name = Release;
		};
		917CBC5B688C3F0F37440D76 /* Release */ = {
			isa = XCBuildConfiguration;
			buildSettings = {
				ASSETCATALOG_COMPILER_APPICON_NAME = AppIcon;
				CODE_SIGN_IDENTITY = "";
				CODE_SIGN_STYLE = Automatic;
				INFOPLIST_FILE = CatLate/Info.plist;
				IPHONEOS_DEPLOYMENT_TARGET = 18.0;
				LD_RUNPATH_SEARCH_PATHS = (
					"$(inherited)",
					"@executable_path/Frameworks",
				);
				PRODUCT_NAME = CatLate;
				SDKROOT = iphoneos;
				TARGETED_DEVICE_FAMILY = "1,2";
			};
			name = Release;
		};
		E80BE9DE2079C095EE98FEA5 /* Debug */ = {
			isa = XCBuildConfiguration;
			buildSettings = {
				BUNDLE_LOADER = "$(TEST_HOST)";
				CODE_SIGN_STYLE = Automatic;
				GENERATE_INFOPLIST_FILE = YES;
				IPHONEOS_DEPLOYMENT_TARGET = 18.0;
				LD_RUNPATH_SEARCH_PATHS = (
					"$(inherited)",
					"@executable_path/Frameworks",
					"@loader_path/Frameworks",
				);
				PRODUCT_BUNDLE_IDENTIFIER = com.catlyte.tests;
				SDKROOT = iphoneos;
				TARGETED_DEVICE_FAMILY = "1,2";
				TEST_HOST = "$(BUILT_PRODUCTS_DIR)/CatLate.app/CatLate";
			};
			name = Debug;
		};
/* End XCBuildConfiguration section */

/* Begin XCConfigurationList section */
		0595545955E11C5A0E88200E /* Build configuration list for PBXNativeTarget "CatLate" */ = {
			isa = XCConfigurationList;
			buildConfigurations = (
				44948EF2CD8705ED55D522F4 /* Debug */,
				917CBC5B688C3F0F37440D76 /* Release */,
			);
			defaultConfigurationIsVisible = 0;
			defaultConfigurationName = Debug;
		};
		9AEE1D9F2D74003BDD9B495C /* Build configuration list for PBXProject "CatLate" */ = {
			isa = XCConfigurationList;
			buildConfigurations = (
				26347A6F488658673BAD8399 /* Debug */,
				0484CC195A14F972C443E53E /* Release */,
			);
			defaultConfigurationIsVisible = 0;
			defaultConfigurationName = Debug;
		};
		C821C99F6CB451329FE8806E /* Build configuration list for PBXNativeTarget "CatLateTests" */ = {
			isa = XCConfigurationList;
			buildConfigurations = (
				E80BE9DE2079C095EE98FEA5 /* Debug */,
				56AF63E2F2B13D6419660C64 /* Release */,
			);
			defaultConfigurationIsVisible = 0;
			defaultConfigurationName = Debug;
		};
/* End XCConfigurationList section */
	};
	rootObject = 9FE4E03C9E8D70D5DAB54CE0 /* Project object */;
}
